
Microsoft Visual Studio Solution File, Format Version 12.00
# Visual Studio 2012
Project("{FAE04EC0-301F-11D3-BF4B-00C04F79EFBC}") = "COgame", "COgame\COgame.csproj", "{3E05790A-799B-48F9-B99D-BB52BF38C842}"
EndProject
Project("{FAE04EC0-301F-11D3-BF4B-00C04F79EFBC}") = "COgame_Calc", "COgame_Calc\COgame_Calc.csproj", "{D3AC5472-D2F5-4DC4-8254-F286616F6A45}"
EndProject
Global
	GlobalSection(SolutionConfigurationPlatforms) = preSolution
		Debug|Any CPU = Debug|Any CPU
		Release|Any CPU = Release|Any CPU
	EndGlobalSection
	GlobalSection(ProjectConfigurationPlatforms) = postSolution
		{3E05790A-799B-48F9-B99D-BB52BF38C842}.Debug|Any CPU.ActiveCfg = Debug|Any CPU
		{3E05790A-799B-48F9-B99D-BB52BF38C842}.Debug|Any CPU.Build.0 = Debug|Any CPU
		{3E05790A-799B-48F9-B99D-BB52BF38C842}.Release|Any CPU.ActiveCfg = Release|Any CPU
		{3E05790A-799B-48F9-B99D-BB52BF38C842}.Release|Any CPU.Build.0 = Release|Any CPU
		{D3AC5472-D2F5-4DC4-8254-F286616F6A45}.Debug|Any CPU.ActiveCfg = Debug|Any CPU
		{D3AC5472-D2F5-4DC4-8254-F286616F6A45}.Debug|Any CPU.Build.0 = Debug|Any CPU
		{D3AC5472-D2F5-4DC4-8254-F286616F6A45}.Release|Any CPU.ActiveCfg = Release|Any CPU
		{D3AC5472-D2F5-4DC4-8254-F286616F6A45}.Release|Any CPU.Build.0 = Release|Any CPU
	EndGlobalSection
	GlobalSection(SolutionProperties) = preSolution
		HideSolutionNode = FALSE
	EndGlobalSection
EndGlobal
